
Microsoft Visual Studio Solution File, Format Version 12.00
# Visual Studio 15
VisualStudioVersion = 15.0.28307.960
MinimumVisualStudioVersion = 10.0.40219.1
Project("{FAE04EC0-301F-11D3-BF4B-00C04F79EFBC}") = "DSMarket.Solucion", "DSMarket.Solucion\DSMarket.Solucion.csproj", "{08C1E926-93D7-46E6-8732-9F4D64ACE37E}"
EndProject
Project("{FAE04EC0-301F-11D3-BF4B-00C04F79EFBC}") = "DSMarket.Data", "DSMarket.Data\DSMarket.Data.csproj", "{108368A3-9AFA-48CE-AE5B-CAEF1082FE93}"
EndProject
Project("{FAE04EC0-301F-11D3-BF4B-00C04F79EFBC}") = "DSMarket.Logica", "DSMarket.Logica\DSMarket.Logica.csproj", "{2FBE4D3C-9F8F-4EC5-936E-C45CC436B717}"
EndProject
Global
	GlobalSection(SolutionConfigurationPlatforms) = preSolution
		Debug|Any CPU = Debug|Any CPU
		Release|Any CPU = Release|Any CPU
	EndGlobalSection
	GlobalSection(ProjectConfigurationPlatforms) = postSolution
		{08C1E926-93D7-46E6-8732-9F4D64ACE37E}.Debug|Any CPU.ActiveCfg = Debug|Any CPU
		{08C1E926-93D7-46E6-8732-9F4D64ACE37E}.Debug|Any CPU.Build.0 = Debug|Any CPU
		{08C1E926-93D7-46E6-8732-9F4D64ACE37E}.Release|Any CPU.ActiveCfg = Release|Any CPU
		{08C1E926-93D7-46E6-8732-9F4D64ACE37E}.Release|Any CPU.Build.0 = Release|Any CPU
		{108368A3-9AFA-48CE-AE5B-CAEF1082FE93}.Debug|Any CPU.ActiveCfg = Debug|Any CPU
		{108368A3-9AFA-48CE-AE5B-CAEF1082FE93}.Debug|Any CPU.Build.0 = Debug|Any CPU
		{108368A3-9AFA-48CE-AE5B-CAEF1082FE93}.Release|Any CPU.ActiveCfg = Release|Any CPU
		{108368A3-9AFA-48CE-AE5B-CAEF1082FE93}.Release|Any CPU.Build.0 = Release|Any CPU
		{2FBE4D3C-9F8F-4EC5-936E-C45CC436B717}.Debug|Any CPU.ActiveCfg = Debug|Any CPU
		{2FBE4D3C-9F8F-4EC5-936E-C45CC436B717}.Debug|Any CPU.Build.0 = Debug|Any CPU
		{2FBE4D3C-9F8F-4EC5-936E-C45CC436B717}.Release|Any CPU.ActiveCfg = Release|Any CPU
		{2FBE4D3C-9F8F-4EC5-936E-C45CC436B717}.Release|Any CPU.Build.0 = Release|Any CPU
	EndGlobalSection
	GlobalSection(SolutionProperties) = preSolution
		HideSolutionNode = FALSE
	EndGlobalSection
	GlobalSection(ExtensibilityGlobals) = postSolution
		SolutionGuid = {89294A82-C63E-42D9-916E-7C9F0FB903DD}
	EndGlobalSection
EndGlobal
